
Microsoft Visual Studio Solution File, Format Version 12.00
# Visual Studio 15
VisualStudioVersion = 15.0.26228.49
MinimumVisualStudioVersion = 10.0.40219.1
Project("{FAE04EC0-301F-11D3-BF4B-00C04F79EFBC}") = "ConsoleApp_ValueTuple_00", "ConsoleApp_ValueTuple_00\ConsoleApp_ValueTuple_00.csproj", "{56A55F94-F589-449D-B364-55107D1224D4}"
EndProject
Project("{FAE04EC0-301F-11D3-BF4B-00C04F79EFBC}") = "PatternMatchingWithSwitch", "PatternMatchingWithSwitch\PatternMatchingWithSwitch.csproj", "{56D6B6E9-607E-418E-9844-6EDC15D13622}"
EndProject
Project("{FAE04EC0-301F-11D3-BF4B-00C04F79EFBC}") = "MyAttributes_00", "MyAttributes_00\MyAttributes_00.csproj", "{1A900EFC-274C-4D16-9F0A-D4382EA44B15}"
EndProject
Project("{FAE04EC0-301F-11D3-BF4B-00C04F79EFBC}") = "MyLoadingDLLatRuntime00", "MyLoadingDLLatRuntime00\MyLoadingDLLatRuntime00.csproj", "{E6E3017F-1751-4C4A-B8EC-7CB7EB78CFE5}"
EndProject
Project("{FAE04EC0-301F-11D3-BF4B-00C04F79EFBC}") = "MyDynamicallyLoadedClasses00", "MyDynamicallyLoadedClasses00\MyDynamicallyLoadedClasses00.csproj", "{9803E65E-0C03-411D-BADF-2EBF7C72F69F}"
EndProject
Project("{FAE04EC0-301F-11D3-BF4B-00C04F79EFBC}") = "InterfacesForMyRuntimeLib", "InterfacesForMyRuntimeLib\InterfacesForMyRuntimeLib.csproj", "{F2E11CCF-C626-49EB-9ABB-5C21CC001AD5}"
EndProject
Global
	GlobalSection(SolutionConfigurationPlatforms) = preSolution
		Debug|Any CPU = Debug|Any CPU
		Release|Any CPU = Release|Any CPU
	EndGlobalSection
	GlobalSection(ProjectConfigurationPlatforms) = postSolution
		{56A55F94-F589-449D-B364-55107D1224D4}.Debug|Any CPU.ActiveCfg = Debug|Any CPU
		{56A55F94-F589-449D-B364-55107D1224D4}.Debug|Any CPU.Build.0 = Debug|Any CPU
		{56A55F94-F589-449D-B364-55107D1224D4}.Release|Any CPU.ActiveCfg = Release|Any CPU
		{56A55F94-F589-449D-B364-55107D1224D4}.Release|Any CPU.Build.0 = Release|Any CPU
		{56D6B6E9-607E-418E-9844-6EDC15D13622}.Debug|Any CPU.ActiveCfg = Debug|Any CPU
		{56D6B6E9-607E-418E-9844-6EDC15D13622}.Debug|Any CPU.Build.0 = Debug|Any CPU
		{56D6B6E9-607E-418E-9844-6EDC15D13622}.Release|Any CPU.ActiveCfg = Release|Any CPU
		{56D6B6E9-607E-418E-9844-6EDC15D13622}.Release|Any CPU.Build.0 = Release|Any CPU
		{1A900EFC-274C-4D16-9F0A-D4382EA44B15}.Debug|Any CPU.ActiveCfg = Debug|Any CPU
		{1A900EFC-274C-4D16-9F0A-D4382EA44B15}.Debug|Any CPU.Build.0 = Debug|Any CPU
		{1A900EFC-274C-4D16-9F0A-D4382EA44B15}.Release|Any CPU.ActiveCfg = Release|Any CPU
		{1A900EFC-274C-4D16-9F0A-D4382EA44B15}.Release|Any CPU.Build.0 = Release|Any CPU
		{E6E3017F-1751-4C4A-B8EC-7CB7EB78CFE5}.Debug|Any CPU.ActiveCfg = Debug|Any CPU
		{E6E3017F-1751-4C4A-B8EC-7CB7EB78CFE5}.Debug|Any CPU.Build.0 = Debug|Any CPU
		{E6E3017F-1751-4C4A-B8EC-7CB7EB78CFE5}.Release|Any CPU.ActiveCfg = Release|Any CPU
		{E6E3017F-1751-4C4A-B8EC-7CB7EB78CFE5}.Release|Any CPU.Build.0 = Release|Any CPU
		{9803E65E-0C03-411D-BADF-2EBF7C72F69F}.Debug|Any CPU.ActiveCfg = Debug|Any CPU
		{9803E65E-0C03-411D-BADF-2EBF7C72F69F}.Debug|Any CPU.Build.0 = Debug|Any CPU
		{9803E65E-0C03-411D-BADF-2EBF7C72F69F}.Release|Any CPU.ActiveCfg = Release|Any CPU
		{9803E65E-0C03-411D-BADF-2EBF7C72F69F}.Release|Any CPU.Build.0 = Release|Any CPU
		{F2E11CCF-C626-49EB-9ABB-5C21CC001AD5}.Debug|Any CPU.ActiveCfg = Debug|Any CPU
		{F2E11CCF-C626-49EB-9ABB-5C21CC001AD5}.Debug|Any CPU.Build.0 = Debug|Any CPU
		{F2E11CCF-C626-49EB-9ABB-5C21CC001AD5}.Release|Any CPU.ActiveCfg = Release|Any CPU
		{F2E11CCF-C626-49EB-9ABB-5C21CC001AD5}.Release|Any CPU.Build.0 = Release|Any CPU
	EndGlobalSection
	GlobalSection(SolutionProperties) = preSolution
		HideSolutionNode = FALSE
	EndGlobalSection
EndGlobal
